PODS:
  - AvatarCloud_Login (1.0.0)

DEPENDENCIES:
  - AvatarCloud_Login (from `../`)

EXTERNAL SOURCES:
  AvatarCloud_Login:
    :path: "../"

SPEC CHECKSUMS:
  AvatarCloud_Login: c673d30cc5b060900c796e085e68bb550bd0a0be

PODFILE CHECKSUM: bc5be9edb133d18f59eaf117fd00d71db6abb66c

COCOAPODS: 1.11.3
